
Microsoft Visual Studio Solution File, Format Version 12.00
# Visual Studio Version 16
VisualStudioVersion = 16.0.810.16
MinimumVisualStudioVersion = 10.0.40219.1
Project("{FAE04EC0-301F-11D3-BF4B-00C04F79EFBC}") = "FactoryExercise2", "FactoryExercise2\FactoryExercise2.csproj", "{6AC496BC-0BEC-423C-87AF-1CD9A1FC5EED}"
EndProject
Global
	GlobalSection(SolutionConfigurationPlatforms) = preSolution
		Debug|Any CPU = Debug|Any CPU
		Release|Any CPU = Release|Any CPU
	EndGlobalSection
	GlobalSection(ProjectConfigurationPlatforms) = postSolution
		{6AC496BC-0BEC-423C-87AF-1CD9A1FC5EED}.Debug|Any CPU.ActiveCfg = Debug|Any CPU
		{6AC496BC-0BEC-423C-87AF-1CD9A1FC5EED}.Debug|Any CPU.Build.0 = Debug|Any CPU
		{6AC496BC-0BEC-423C-87AF-1CD9A1FC5EED}.Release|Any CPU.ActiveCfg = Release|Any CPU
		{6AC496BC-0BEC-423C-87AF-1CD9A1FC5EED}.Release|Any CPU.Build.0 = Release|Any CPU
	EndGlobalSection
	GlobalSection(SolutionProperties) = preSolution
		HideSolutionNode = FALSE
	EndGlobalSection
	GlobalSection(ExtensibilityGlobals) = postSolution
		SolutionGuid = {17C1A408-2C34-42DE-8867-2969D2EC0625}
	EndGlobalSection
EndGlobal
